// !$*UTF8*$!
{
	archiveVersion = 1;
	classes = {
	};
	objectVersion = 56;
	objects = {

/* Begin PBXBuildFile section */
		177872D12A7DF0FE00D52548 /* SVDBDemoApp.swift in Sources */ = {isa = PBXBuildFile; fileRef = 177872D02A7DF0FE00D52548 /* SVDBDemoApp.swift */; };
		177872D32A7DF0FE00D52548 /* ContentView.swift in Sources */ = {isa = PBXBuildFile; fileRef = 177872D22A7DF0FE00D52548 /* ContentView.swift */; };
		177872D52A7DF10000D52548 /* Assets.xcassets in Resources */ = {isa = PBXBuildFile; fileRef = 177872D42A7DF10000D52548 /* Assets.xcassets */; };
		177872D82A7DF10000D52548 /* Preview Assets.xcassets in Resources */ = {isa = PBXBuildFile; fileRef = 177872D72A7DF10000D52548 /* Preview Assets.xcassets */; };
		17C2FE882A7DF61B00A3D246 /* WORDS.swift in Sources */ = {isa = PBXBuildFile; fileRef = 17C2FE872A7DF61B00A3D246 /* WORDS.swift */; };
		17C2FE8B2A7DF79300A3D246 /* SVDB in Frameworks */ = {isa = PBXBuildFile; productRef = 17C2FE8A2A7DF79300A3D246 /* SVDB */; };
/* End PBXBuildFile section */

/* Begin PBXFileReference section */
		177872CD2A7DF0FE00D52548 /* SVDBDemo.app */ = {isa = PBXFileReference; explicitFileType = wrapper.application; includeInIndex = 0; path = SVDBDemo.app; sourceTree = BUILT_PRODUCTS_DIR; };
		177872D02A7DF0FE00D52548 /* SVDBDemoApp.swift */ = {isa = PBXFileReference; lastKnownFileType = sourcecode.swift; path = SVDBDemoApp.swift; sourceTree = "<group>"; };
		177872D22A7DF0FE00D52548 /* ContentView.swift */ = {isa = PBXFileReference; lastKnownFileType = sourcecode.swift; path = ContentView.swift; sourceTree = "<group>"; };
		177872D42A7DF10000D52548 /* Assets.xcassets */ = {isa = PBXFileReference; lastKnownFileType = folder.assetcatalog; path = Assets.xcassets; sourceTree = "<group>"; };
		177872D72A7DF10000D52548 /* Preview Assets.xcassets */ = {isa = PBXFileReference; lastKnownFileType = folder.assetcatalog; path = "Preview Assets.xcassets"; sourceTree = "<group>"; };
		17C2FE872A7DF61B00A3D246 /* WORDS.swift */ = {isa = PBXFileReference; lastKnownFileType = sourcecode.swift; path = WORDS.swift; sourceTree = "<group>"; };
/* End PBXFileReference section */

/* Begin PBXFrameworksBuildPhase section */
		177872CA2A7DF0FE00D52548 /* Frameworks */ = {
			isa = PBXFrameworksBuildPhase;
			buildActionMask = 2147483647;
			files = (
				17C2FE8B2A7DF79300A3D246 /* SVDB in Frameworks */,
			);
			runOnlyForDeploymentPostprocessing = 0;
		};
/* End PBXFrameworksBuildPhase section */

/* Begin PBXGroup section */
		177872C42A7DF0FE00D52548 = {
			isa = PBXGroup;
			children = (
				177872CF2A7DF0FE00D52548 /* SVDBDemo */,
				177872CE2A7DF0FE00D52548 /* Products */,
			);
			sourceTree = "<group>";
		};
		177872CE2A7DF0FE00D52548 /* Products */ = {
			isa = PBXGroup;
			children = (
				177872CD2A7DF0FE00D52548 /* SVDBDemo.app */,
			);
			name = Products;
			sourceTree = "<group>";
		};
		177872CF2A7DF0FE00D52548 /* SVDBDemo */ = {
			isa = PBXGroup;
			children = (
				177872D02A7DF0FE00D52548 /* SVDBDemoApp.swift */,
				177872D22A7DF0FE00D52548 /* ContentView.swift */,
				177872D42A7DF10000D52548 /* Assets.xcassets */,
				177872D62A7DF10000D52548 /* Preview Content */,
				17C2FE872A7DF61B00A3D246 /* WORDS.swift */,
			);
			path = SVDBDemo;
			sourceTree = "<group>";
		};
		177872D62A7DF10000D52548 /* Preview Content */ = {
			isa = PBXGroup;
			children = (
				177872D72A7DF10000D52548 /* Preview Assets.xcassets */,
			);
			path = "Preview Content";
			sourceTree = "<group>";
		};
/* End PBXGroup section */

/* Begin PBXNativeTarget section */
		177872CC2A7DF0FE00D52548 /* SVDBDemo */ = {
			isa = PBXNativeTarget;
			buildConfigurationList = 177872DB2A7DF10000D52548 /* Build configuration list for PBXNativeTarget "SVDBDemo" */;
			buildPhases = (
				177872C92A7DF0FE00D52548 /* Sources */,
				177872CA2A7DF0FE00D52548 /* Frameworks */,
				177872CB2A7DF0FE00D52548 /* Resources */,
			);
			buildRules = (
			);
			dependencies = (
			);
			name = SVDBDemo;
			packageProductDependencies = (
				17C2FE8A2A7DF79300A3D246 /* SVDB */,
			);
			productName = SVDBDemo;
			productReference = 177872CD2A7DF0FE00D52548 /* SVDBDemo.app */;
			productType = "com.apple.product-type.application";
		};
/* End PBXNativeTarget section */

/* Begin PBXProject section */
		177872C52A7DF0FE00D52548 /* Project object */ = {
			isa = PBXProject;
			attributes = {
				BuildIndependentTargetsInParallel = 1;
				LastSwiftUpdateCheck = 1430;
				LastUpgradeCheck = 1430;
				TargetAttributes = {
					177872CC2A7DF0FE00D52548 = {
						CreatedOnToolsVersion = 14.3.1;
					};
				};
			};
			buildConfigurationList = 177872C82A7DF0FE00D52548 /* Build configuration list for PBXProject "SVDBDemo" */;
			compatibilityVersion = "Xcode 14.0";
			developmentRegion = en;
			hasScannedForEncodings = 0;
			knownRegions = (
				en,
				Base,
			);
			mainGroup = 177872C42A7DF0FE00D52548;
			packageReferences = (
				17C2FE892A7DF79300A3D246 /* XCRemoteSwiftPackageReference "SVDB" */,
			);
			productRefGroup = 177872CE2A7DF0FE00D52548 /* Products */;
			projectDirPath = "";
			projectRoot = "";
			targets = (
				177872CC2A7DF0FE00D52548 /* SVDBDemo */,
			);
		};
/* End PBXProject section */

/* Begin PBXResourcesBuildPhase section */
		177872CB2A7DF0FE00D52548 /* Resources */ = {
			isa = PBXResourcesBuildPhase;
			buildActionMask = 2147483647;
			files = (
				177872D82A7DF10000D52548 /* Preview Assets.xcassets in Resources */,
				177872D52A7DF10000D52548 /* Assets.xcassets in Resources */,
			);
			runOnlyForDeploymentPostprocessing = 0;
		};
/* End PBXResourcesBuildPhase section */

/* Begin PBXSourcesBuildPhase section */
		177872C92A7DF0FE00D52548 /* Sources */ = {
			isa = PBXSourcesBuildPhase;
			buildActionMask = 2147483647;
			files = (
				177872D32A7DF0FE00D52548 /* ContentView.swift in Sources */,
				17C2FE882A7DF61B00A3D246 /* WORDS.swift in Sources */,
				177872D12A7DF0FE00D52548 /* SVDBDemoApp.swift in Sources */,
			);
			runOnlyForDeploymentPostprocessing = 0;
		};
/* End PBXSourcesBuildPhase section */

/* Begin XCBuildConfiguration section */
		177872D92A7DF10000D52548 /* Debug */ = {
			isa = XCBuildConfiguration;
			buildSettings = {
				ALWAYS_SEARCH_USER_PATHS = NO;
				CLANG_ANALYZER_NONNULL = YES;
				CLANG_ANALYZER_NUMBER_OBJECT_CONVERSION = YES_AGGRESSIVE;
				CLANG_CXX_LANGUAGE_STANDARD = "gnu++20";
				CLANG_ENABLE_MODULES = YES;
				CLANG_ENABLE_OBJC_ARC = YES;
				CLANG_ENABLE_OBJC_WEAK = YES;
				CLANG_WARN_BLOCK_CAPTURE_AUTORELEASING = YES;
				CLANG_WARN_BOOL_CONVERSION = YES;
				CLANG_WARN_COMMA = YES;
				CLANG_WARN_CONSTANT_CONVERSION = YES;
				CLANG_WARN_DEPRECATED_OBJC_IMPLEMENTATIONS = YES;
				CLANG_WARN_DIRECT_OBJC_ISA_USAGE = YES_ERROR;
				CLANG_WARN_DOCUMENTATION_COMMENTS = YES;
				CLANG_WARN_EMPTY_BODY = YES;
				CLANG_WARN_ENUM_CONVERSION = YES;
				CLANG_WARN_INFINITE_RECURSION = YES;
				CLANG_WARN_INT_CONVERSION = YES;
				CLANG_WARN_NON_LITERAL_NULL_CONVERSION = YES;
				CLANG_WARN_OBJC_IMPLICIT_RETAIN_SELF = YES;
				CLANG_WARN_OBJC_LITERAL_CONVERSION = YES;
				CLANG_WARN_OBJC_ROOT_CLASS = YES_ERROR;
				CLANG_WARN_QUOTED_INCLUDE_IN_FRAMEWORK_HEADER = YES;
				CLANG_WARN_RANGE_LOOP_ANALYSIS = YES;
				CLANG_WARN_STRICT_PROTOTYPES = YES;
				CLANG_WARN_SUSPICIOUS_MOVE = YES;
				CLANG_WARN_UNGUARDED_AVAILABILITY = YES_AGGRESSIVE;
				CLANG_WARN_UNREACHABLE_CODE = YES;
				CLANG_WARN__DUPLICATE_METHOD_MATCH = YES;
				COPY_PHASE_STRIP = NO;
				DEBUG_INFORMATION_FORMAT = dwarf;
				ENABLE_STRICT_OBJC_MSGSEND = YES;
				ENABLE_TESTABILITY = YES;
				GCC_C_LANGUAGE_STANDARD = gnu11;
				GCC_DYNAMIC_NO_PIC = NO;
				GCC_NO_COMMON_BLOCKS = YES;
				GCC_OPTIMIZATION_LEVEL = 0;
				GCC_PREPROCESSOR_DEFINITIONS = (
					"DEBUG=1",
					"$(inherited)",
				);
				GCC_WARN_64_TO_32_BIT_CONVERSION = YES;
				GCC_WARN_ABOUT_RETURN_TYPE = YES_ERROR;
				GCC_WARN_UNDECLARED_SELECTOR = YES;
				GCC_WARN_UNINITIALIZED_AUTOS = YES_AGGRESSIVE;
				GCC_WARN_UNUSED_FUNCTION = YES;
				GCC_WARN_UNUSED_VARIABLE = YES;
				IPHONEOS_DEPLOYMENT_TARGET = 16.4;
				MTL_ENABLE_DEBUG_INFO = INCLUDE_SOURCE;
				MTL_FAST_MATH = YES;
				ONLY_ACTIVE_ARCH = YES;
				SDKROOT = iphoneos;
				SWIFT_ACTIVE_COMPILATION_CONDITIONS = DEBUG;
				SWIFT_OPTIMIZATION_LEVEL = "-Onone";
			};
			name = Debug;
		};
		177872DA2A7DF10000D52548 /* Release */ = {
			isa = XCBuildConfiguration;
			buildSettings = {
				ALWAYS_SEARCH_USER_PATHS = NO;
				CLANG_ANALYZER_NONNULL = YES;
				CLANG_ANALYZER_NUMBER_OBJECT_CONVERSION = YES_AGGRESSIVE;
				CLANG_CXX_LANGUAGE_STANDARD = "gnu++20";
				CLANG_ENABLE_MODULES = YES;
				CLANG_ENABLE_OBJC_ARC = YES;
				CLANG_ENABLE_OBJC_WEAK = YES;
				CLANG_WARN_BLOCK_CAPTURE_AUTORELEASING = YES;
				CLANG_WARN_BOOL_CONVERSION = YES;
				CLANG_WARN_COMMA = YES;
				CLANG_WARN_CONSTANT_CONVERSION = YES;
				CLANG_WARN_DEPRECATED_OBJC_IMPLEMENTATIONS = YES;
				CLANG_WARN_DIRECT_OBJC_ISA_USAGE = YES_ERROR;
				CLANG_WARN_DOCUMENTATION_COMMENTS = YES;
				CLANG_WARN_EMPTY_BODY = YES;
				CLANG_WARN_ENUM_CONVERSION = YES;
				CLANG_WARN_INFINITE_RECURSION = YES;
				CLANG_WARN_INT_CONVERSION = YES;
				CLANG_WARN_NON_LITERAL_NULL_CONVERSION = YES;
				CLANG_WARN_OBJC_IMPLICIT_RETAIN_SELF = YES;
				CLANG_WARN_OBJC_LITERAL_CONVERSION = YES;
				CLANG_WARN_OBJC_ROOT_CLASS = YES_ERROR;
				CLANG_WARN_QUOTED_INCLUDE_IN_FRAMEWORK_HEADER = YES;
				CLANG_WARN_RANGE_LOOP_ANALYSIS = YES;
				CLANG_WARN_STRICT_PROTOTYPES = YES;
				CLANG_WARN_SUSPICIOUS_MOVE = YES;
				CLANG_WARN_UNGUARDED_AVAILABILITY = YES_AGGRESSIVE;
				CLANG_WARN_UNREACHABLE_CODE = YES;
				CLANG_WARN__DUPLICATE_METHOD_MATCH = YES;
				COPY_PHASE_STRIP = NO;
				DEBUG_INFORMATION_FORMAT = "dwarf-with-dsym";
				ENABLE_NS_ASSERTIONS = NO;
				ENABLE_STRICT_OBJC_MSGSEND = YES;
				GCC_C_LANGUAGE_STANDARD = gnu11;
				GCC_NO_COMMON_BLOCKS = YES;
				GCC_WARN_64_TO_32_BIT_CONVERSION = YES;
				GCC_WARN_ABOUT_RETURN_TYPE = YES_ERROR;
				GCC_WARN_UNDECLARED_SELECTOR = YES;
				GCC_WARN_UNINITIALIZED_AUTOS = YES_AGGRESSIVE;
				GCC_WARN_UNUSED_FUNCTION = YES;
				GCC_WARN_UNUSED_VARIABLE = YES;
				IPHONEOS_DEPLOYMENT_TARGET = 16.4;
				MTL_ENABLE_DEBUG_INFO = NO;
				MTL_FAST_MATH = YES;
				SDKROOT = iphoneos;
				SWIFT_COMPILATION_MODE = wholemodule;
				SWIFT_OPTIMIZATION_LEVEL = "-O";
				VALIDATE_PRODUCT = YES;
			};
			name = Release;
		};
		177872DC2A7DF10000D52548 /* Debug */ = {
			isa = XCBuildConfiguration;
			buildSettings = {
				ASSETCATALOG_COMPILER_APPICON_NAME = AppIcon;
				ASSETCATALOG_COMPILER_GLOBAL_ACCENT_COLOR_NAME = AccentColor;
				CODE_SIGN_STYLE = Automatic;
				CURRENT_PROJECT_VERSION = 1;
				DEVELOPMENT_ASSET_PATHS = "\"SVDBDemo/Preview Content\"";
				DEVELOPMENT_TEAM = PPVB2USUND;
				ENABLE_PREVIEWS = YES;
				GENERATE_INFOPLIST_FILE = YES;
				INFOPLIST_KEY_UIApplicationSceneManifest_Generation = YES;
				INFOPLIST_KEY_UIApplicationSupportsIndirectInputEvents = YES;
				INFOPLIST_KEY_UILaunchScreen_Generation = YES;
				INFOPLIST_KEY_UISupportedInterfaceOrientations_iPad = "UIInterfaceOrientationPortrait UIInterfaceOrientationPortraitUpsideDown UIInterfaceOrientationLandscapeLeft UIInterfaceOrientationLandscapeRight";
				INFOPLIST_KEY_UISupportedInterfaceOrientations_iPhone = "UIInterfaceOrientationPortrait UIInterfaceOrientationLandscapeLeft UIInterfaceOrientationLandscapeRight";
				LD_RUNPATH_SEARCH_PATHS = (
					"$(inherited)",
					"@executable_path/Frameworks",
				);
				MARKETING_VERSION = 1.0;
				PRODUCT_BUNDLE_IDENTIFIER = co.beginagain.SVDBDemo;
				PRODUCT_NAME = "$(TARGET_NAME)";
				SWIFT_EMIT_LOC_STRINGS = YES;
				SWIFT_VERSION = 5.0;
				TARGETED_DEVICE_FAMILY = "1,2";
			};
			name = Debug;
		};
		177872DD2A7DF10000D52548 /* Release */ = {
			isa = XCBuildConfiguration;
			buildSettings = {
				ASSETCATALOG_COMPILER_APPICON_NAME = AppIcon;
				ASSETCATALOG_COMPILER_GLOBAL_ACCENT_COLOR_NAME = AccentColor;
				CODE_SIGN_STYLE = Automatic;
				CURRENT_PROJECT_VERSION = 1;
				DEVELOPMENT_ASSET_PATHS = "\"SVDBDemo/Preview Content\"";
				DEVELOPMENT_TEAM = PPVB2USUND;
				ENABLE_PREVIEWS = YES;
				GENERATE_INFOPLIST_FILE = YES;
				INFOPLIST_KEY_UIApplicationSceneManifest_Generation = YES;
				INFOPLIST_KEY_UIApplicationSupportsIndirectInputEvents = YES;
				INFOPLIST_KEY_UILaunchScreen_Generation = YES;
				INFOPLIST_KEY_UISupportedInterfaceOrientations_iPad = "UIInterfaceOrientationPortrait UIInterfaceOrientationPortraitUpsideDown UIInterfaceOrientationLandscapeLeft UIInterfaceOrientationLandscapeRight";
				INFOPLIST_KEY_UISupportedInterfaceOrientations_iPhone = "UIInterfaceOrientationPortrait UIInterfaceOrientationLandscapeLeft UIInterfaceOrientationLandscapeRight";
				LD_RUNPATH_SEARCH_PATHS = (
					"$(inherited)",
					"@executable_path/Frameworks",
				);
				MARKETING_VERSION = 1.0;
				PRODUCT_BUNDLE_IDENTIFIER = co.beginagain.SVDBDemo;
				PRODUCT_NAME = "$(TARGET_NAME)";
				SWIFT_EMIT_LOC_STRINGS = YES;
				SWIFT_VERSION = 5.0;
				TARGETED_DEVICE_FAMILY = "1,2";
			};
			name = Release;
		};
/* End XCBuildConfiguration section */

/* Begin XCConfigurationList section */
		177872C82A7DF0FE00D52548 /* Build configuration list for PBXProject "SVDBDemo" */ = {
			isa = XCConfigurationList;
			buildConfigurations = (
				177872D92A7DF10000D52548 /* Debug */,
				177872DA2A7DF10000D52548 /* Release */,
			);
			defaultConfigurationIsVisible = 0;
			defaultConfigurationName = Release;
		};
		177872DB2A7DF10000D52548 /* Build configuration list for PBXNativeTarget "SVDBDemo" */ = {
			isa = XCConfigurationList;
			buildConfigurations = (
				177872DC2A7DF10000D52548 /* Debug */,
				177872DD2A7DF10000D52548 /* Release */,
			);
			defaultConfigurationIsVisible = 0;
			defaultConfigurationName = Release;
		};
/* End XCConfigurationList section */

/* Begin XCRemoteSwiftPackageReference section */
		17C2FE892A7DF79300A3D246 /* XCRemoteSwiftPackageReference "SVDB" */ = {
			isa = XCRemoteSwiftPackageReference;
			repositoryURL = "git@github.com:Dripfarm/SVDB.git";
			requirement = {
				kind = upToNextMajorVersion;
				minimumVersion = 1.0.0;
			};
		};
/* End XCRemoteSwiftPackageReference section */

/* Begin XCSwiftPackageProductDependency section */
		17C2FE8A2A7DF79300A3D246 /* SVDB */ = {
			isa = XCSwiftPackageProductDependency;
			package = 17C2FE892A7DF79300A3D246 /* XCRemoteSwiftPackageReference "SVDB" */;
			productName = SVDB;
		};
/* End XCSwiftPackageProductDependency section */
	};
	rootObject = 177872C52A7DF0FE00D52548 /* Project object */;
}
